// !$*UTF8*$!
{
	archiveVersion = 1;
	classes = {
	};
	objectVersion = 77;
	objects = {

/* Begin PBXBuildFile section */
		A3609CCE2DD0EE3C0005A261 /* PocketGardenApp.swift in Sources */ = {isa = PBXBuildFile; fileRef = A3609CCC2DD0EE3C0005A261 /* PocketGardenApp.swift */; };
		A3609CCF2DD0EE3C0005A261 /* Assets.xcassets in Resources */ = {isa = PBXBuildFile; fileRef = A3609CCA2DD0EE3C0005A261 /* Assets.xcassets */; };
/* End PBXBuildFile section */

/* Begin PBXContainerItemProxy section */
		A3609CAE2DD0EE200005A261 /* PBXContainerItemProxy */ = {
			isa = PBXContainerItemProxy;
			containerPortal = A3609C982DD0EE1D0005A261 /* Project object */;
			proxyType = 1;
			remoteGlobalIDString = A3609C9F2DD0EE1D0005A261;
			remoteInfo = PocketGarden;
		};
		A3609CB82DD0EE200005A261 /* PBXContainerItemProxy */ = {
			isa = PBXContainerItemProxy;
			containerPortal = A3609C982DD0EE1D0005A261 /* Project object */;
			proxyType = 1;
			remoteGlobalIDString = A3609C9F2DD0EE1D0005A261;
			remoteInfo = PocketGarden;
		};
/* End PBXContainerItemProxy section */

/* Begin PBXFileReference section */
		A3609CA02DD0EE1D0005A261 /* PocketGarden.app */ = {isa = PBXFileReference; explicitFileType = wrapper.application; includeInIndex = 0; path = PocketGarden.app; sourceTree = BUILT_PRODUCTS_DIR; };
		A3609CAD2DD0EE200005A261 /* PocketGardenTests.xctest */ = {isa = PBXFileReference; explicitFileType = wrapper.cfbundle; includeInIndex = 0; path = PocketGardenTests.xctest; sourceTree = BUILT_PRODUCTS_DIR; };
		A3609CB72DD0EE200005A261 /* PocketGardenUITests.xctest */ = {isa = PBXFileReference; explicitFileType = wrapper.cfbundle; includeInIndex = 0; path = PocketGardenUITests.xctest; sourceTree = BUILT_PRODUCTS_DIR; };
		A3609CCA2DD0EE3C0005A261 /* Assets.xcassets */ = {isa = PBXFileReference; lastKnownFileType = folder.assetcatalog; path = Assets.xcassets; sourceTree = "<group>"; };
		A3609CCC2DD0EE3C0005A261 /* PocketGardenApp.swift */ = {isa = PBXFileReference; lastKnownFileType = sourcecode.swift; path = PocketGardenApp.swift; sourceTree = "<group>"; };
/* End PBXFileReference section */

/* Begin PBXFileSystemSynchronizedRootGroup section */
		A3609CB02DD0EE200005A261 /* PocketGardenTests */ = {
			isa = PBXFileSystemSynchronizedRootGroup;
			path = PocketGardenTests;
			sourceTree = "<group>";
		};
		A3609CBA2DD0EE200005A261 /* PocketGardenUITests */ = {
			isa = PBXFileSystemSynchronizedRootGroup;
			path = PocketGardenUITests;
			sourceTree = "<group>";
		};
		A3609CD72DD0EFD50005A261 /* Views */ = {
			isa = PBXFileSystemSynchronizedRootGroup;
			path = Views;
			sourceTree = "<group>";
		};
		A3609CE62DD0F0CD0005A261 /* Models */ = {
			isa = PBXFileSystemSynchronizedRootGroup;
			path = Models;
			sourceTree = "<group>";
		};
/* End PBXFileSystemSynchronizedRootGroup section */

/* Begin PBXFrameworksBuildPhase section */
		A3609C9D2DD0EE1D0005A261 /* Frameworks */ = {
			isa = PBXFrameworksBuildPhase;
			buildActionMask = 2147483647;
			files = (
			);
			runOnlyForDeploymentPostprocessing = 0;
		};
		A3609CAA2DD0EE200005A261 /* Frameworks */ = {
			isa = PBXFrameworksBuildPhase;
			buildActionMask = 2147483647;
			files = (
			);
			runOnlyForDeploymentPostprocessing = 0;
		};
		A3609CB42DD0EE200005A261 /* Frameworks */ = {
			isa = PBXFrameworksBuildPhase;
			buildActionMask = 2147483647;
			files = (
			);
			runOnlyForDeploymentPostprocessing = 0;
		};
/* End PBXFrameworksBuildPhase section */

/* Begin PBXGroup section */
		A3609C972DD0EE1D0005A261 = {
			isa = PBXGroup;
			children = (
				A3609CE62DD0F0CD0005A261 /* Models */,
				A3609CE52DD0F0690005A261 /* Resources */,
				A3609CB02DD0EE200005A261 /* PocketGardenTests */,
				A3609CBA2DD0EE200005A261 /* PocketGardenUITests */,
				A3609CA12DD0EE1D0005A261 /* Products */,
				A3609CD72DD0EFD50005A261 /* Views */,
				A3609CCC2DD0EE3C0005A261 /* PocketGardenApp.swift */,
			);
			sourceTree = "<group>";
		};
		A3609CA12DD0EE1D0005A261 /* Products */ = {
			isa = PBXGroup;
			children = (
				A3609CA02DD0EE1D0005A261 /* PocketGarden.app */,
				A3609CAD2DD0EE200005A261 /* PocketGardenTests.xctest */,
				A3609CB72DD0EE200005A261 /* PocketGardenUITests.xctest */,
			);
			name = Products;
			sourceTree = "<group>";
		};
		A3609CE52DD0F0690005A261 /* Resources */ = {
			isa = PBXGroup;
			children = (
				A3609CCA2DD0EE3C0005A261 /* Assets.xcassets */,
			);
			path = Resources;
			sourceTree = "<group>";
		};
/* End PBXGroup section */

/* Begin PBXNativeTarget section */
		A3609C9F2DD0EE1D0005A261 /* PocketGarden */ = {
			isa = PBXNativeTarget;
			buildConfigurationList = A3609CC12DD0EE200005A261 /* Build configuration list for PBXNativeTarget "PocketGarden" */;
			buildPhases = (
				A3609C9C2DD0EE1D0005A261 /* Sources */,
				A3609C9D2DD0EE1D0005A261 /* Frameworks */,
				A3609C9E2DD0EE1D0005A261 /* Resources */,
			);
			buildRules = (
			);
			dependencies = (
			);
			fileSystemSynchronizedGroups = (
				A3609CD72DD0EFD50005A261 /* Views */,
				A3609CE62DD0F0CD0005A261 /* Models */,
			);
			name = PocketGarden;
			packageProductDependencies = (
			);
			productName = PocketGarden;
			productReference = A3609CA02DD0EE1D0005A261 /* PocketGarden.app */;
			productType = "com.apple.product-type.application";
		};
		A3609CAC2DD0EE200005A261 /* PocketGardenTests */ = {
			isa = PBXNativeTarget;
			buildConfigurationList = A3609CC42DD0EE200005A261 /* Build configuration list for PBXNativeTarget "PocketGardenTests" */;
			buildPhases = (
				A3609CA92DD0EE200005A261 /* Sources */,
				A3609CAA2DD0EE200005A261 /* Frameworks */,
				A3609CAB2DD0EE200005A261 /* Resources */,
			);
			buildRules = (
			);
			dependencies = (
				A3609CAF2DD0EE200005A261 /* PBXTargetDependency */,
			);
			fileSystemSynchronizedGroups = (
				A3609CB02DD0EE200005A261 /* PocketGardenTests */,
			);
			name = PocketGardenTests;
			packageProductDependencies = (
			);
			productName = PocketGardenTests;
			productReference = A3609CAD2DD0EE200005A261 /* PocketGardenTests.xctest */;
			productType = "com.apple.product-type.bundle.unit-test";
		};
		A3609CB62DD0EE200005A261 /* PocketGardenUITests */ = {
			isa = PBXNativeTarget;
			buildConfigurationList = A3609CC72DD0EE200005A261 /* Build configuration list for PBXNativeTarget "PocketGardenUITests" */;
			buildPhases = (
				A3609CB32DD0EE200005A261 /* Sources */,
				A3609CB42DD0EE200005A261 /* Frameworks */,
				A3609CB52DD0EE200005A261 /* Resources */,
			);
			buildRules = (
			);
			dependencies = (
				A3609CB92DD0EE200005A261 /* PBXTargetDependency */,
			);
			fileSystemSynchronizedGroups = (
				A3609CBA2DD0EE200005A261 /* PocketGardenUITests */,
			);
			name = PocketGardenUITests;
			packageProductDependencies = (
			);
			productName = PocketGardenUITests;
			productReference = A3609CB72DD0EE200005A261 /* PocketGardenUITests.xctest */;
			productType = "com.apple.product-type.bundle.ui-testing";
		};
/* End PBXNativeTarget section */

/* Begin PBXProject section */
		A3609C982DD0EE1D0005A261 /* Project object */ = {
			isa = PBXProject;
			attributes = {
				BuildIndependentTargetsInParallel = 1;
				LastSwiftUpdateCheck = 1630;
				LastUpgradeCheck = 1630;
				TargetAttributes = {
					A3609C9F2DD0EE1D0005A261 = {
						CreatedOnToolsVersion = 16.3;
					};
					A3609CAC2DD0EE200005A261 = {
						CreatedOnToolsVersion = 16.3;
						TestTargetID = A3609C9F2DD0EE1D0005A261;
					};
					A3609CB62DD0EE200005A261 = {
						CreatedOnToolsVersion = 16.3;
						TestTargetID = A3609C9F2DD0EE1D0005A261;
					};
				};
			};
			buildConfigurationList = A3609C9B2DD0EE1D0005A261 /* Build configuration list for PBXProject "PocketGarden" */;
			developmentRegion = en;
			hasScannedForEncodings = 0;
			knownRegions = (
				en,
				Base,
			);
			mainGroup = A3609C972DD0EE1D0005A261;
			minimizedProjectReferenceProxies = 1;
			preferredProjectObjectVersion = 77;
			productRefGroup = A3609CA12DD0EE1D0005A261 /* Products */;
			projectDirPath = "";
			projectRoot = "";
			targets = (
				A3609C9F2DD0EE1D0005A261 /* PocketGarden */,
				A3609CAC2DD0EE200005A261 /* PocketGardenTests */,
				A3609CB62DD0EE200005A261 /* PocketGardenUITests */,
			);
		};
/* End PBXProject section */

/* Begin PBXResourcesBuildPhase section */
		A3609C9E2DD0EE1D0005A261 /* Resources */ = {
			isa = PBXResourcesBuildPhase;
			buildActionMask = 2147483647;
			files = (
				A3609CCF2DD0EE3C0005A261 /* Assets.xcassets in Resources */,
			);
			runOnlyForDeploymentPostprocessing = 0;
		};
		A3609CAB2DD0EE200005A261 /* Resources */ = {
			isa = PBXResourcesBuildPhase;
			buildActionMask = 2147483647;
			files = (
			);
			runOnlyForDeploymentPostprocessing = 0;
		};
		A3609CB52DD0EE200005A261 /* Resources */ = {
			isa = PBXResourcesBuildPhase;
			buildActionMask = 2147483647;
			files = (
			);
			runOnlyForDeploymentPostprocessing = 0;
		};
/* End PBXResourcesBuildPhase section */

/* Begin PBXSourcesBuildPhase section */
		A3609C9C2DD0EE1D0005A261 /* Sources */ = {
			isa = PBXSourcesBuildPhase;
			buildActionMask = 2147483647;
			files = (
				A3609CCE2DD0EE3C0005A261 /* PocketGardenApp.swift in Sources */,
			);
			runOnlyForDeploymentPostprocessing = 0;
		};
		A3609CA92DD0EE200005A261 /* Sources */ = {
			isa = PBXSourcesBuildPhase;
			buildActionMask = 2147483647;
			files = (
			);
			runOnlyForDeploymentPostprocessing = 0;
		};
		A3609CB32DD0EE200005A261 /* Sources */ = {
			isa = PBXSourcesBuildPhase;
			buildActionMask = 2147483647;
			files = (
			);
			runOnlyForDeploymentPostprocessing = 0;
		};
/* End PBXSourcesBuildPhase section */

/* Begin PBXTargetDependency section */
		A3609CAF2DD0EE200005A261 /* PBXTargetDependency */ = {
			isa = PBXTargetDependency;
			target = A3609C9F2DD0EE1D0005A261 /* PocketGarden */;
			targetProxy = A3609CAE2DD0EE200005A261 /* PBXContainerItemProxy */;
		};
		A3609CB92DD0EE200005A261 /* PBXTargetDependency */ = {
			isa = PBXTargetDependency;
			target = A3609C9F2DD0EE1D0005A261 /* PocketGarden */;
			targetProxy = A3609CB82DD0EE200005A261 /* PBXContainerItemProxy */;
		};
/* End PBXTargetDependency section */

/* Begin XCBuildConfiguration section */
		A3609CBF2DD0EE200005A261 /* Debug */ = {
			isa = XCBuildConfiguration;
			buildSettings = {
				ALWAYS_SEARCH_USER_PATHS = NO;
				ASSETCATALOG_COMPILER_GENERATE_SWIFT_ASSET_SYMBOL_EXTENSIONS = YES;
				CLANG_ANALYZER_NONNULL = YES;
				CLANG_ANALYZER_NUMBER_OBJECT_CONVERSION = YES_AGGRESSIVE;
				CLANG_CXX_LANGUAGE_STANDARD = "gnu++20";
				CLANG_ENABLE_MODULES = YES;
				CLANG_ENABLE_OBJC_ARC = YES;
				CLANG_ENABLE_OBJC_WEAK = YES;
				CLANG_WARN_BLOCK_CAPTURE_AUTORELEASING = YES;
				CLANG_WARN_BOOL_CONVERSION = YES;
				CLANG_WARN_COMMA = YES;
				CLANG_WARN_CONSTANT_CONVERSION = YES;
				CLANG_WARN_DEPRECATED_OBJC_IMPLEMENTATIONS = YES;
				CLANG_WARN_DIRECT_OBJC_ISA_USAGE = YES_ERROR;
				CLANG_WARN_DOCUMENTATION_COMMENTS = YES;
				CLANG_WARN_EMPTY_BODY = YES;
				CLANG_WARN_ENUM_CONVERSION = YES;
				CLANG_WARN_INFINITE_RECURSION = YES;
				CLANG_WARN_INT_CONVERSION = YES;
				CLANG_WARN_NON_LITERAL_NULL_CONVERSION = YES;
				CLANG_WARN_OBJC_IMPLICIT_RETAIN_SELF = YES;
				CLANG_WARN_OBJC_LITERAL_CONVERSION = YES;
				CLANG_WARN_OBJC_ROOT_CLASS = YES_ERROR;
				CLANG_WARN_QUOTED_INCLUDE_IN_FRAMEWORK_HEADER = YES;
				CLANG_WARN_RANGE_LOOP_ANALYSIS = YES;
				CLANG_WARN_STRICT_PROTOTYPES = YES;
				CLANG_WARN_SUSPICIOUS_MOVE = YES;
				CLANG_WARN_UNGUARDED_AVAILABILITY = YES_AGGRESSIVE;
				CLANG_WARN_UNREACHABLE_CODE = YES;
				CLANG_WARN__DUPLICATE_METHOD_MATCH = YES;
				COPY_PHASE_STRIP = NO;
				DEBUG_INFORMATION_FORMAT = dwarf;
				ENABLE_STRICT_OBJC_MSGSEND = YES;
				ENABLE_TESTABILITY = YES;
				ENABLE_USER_SCRIPT_SANDBOXING = YES;
				GCC_C_LANGUAGE_STANDARD = gnu17;
				GCC_DYNAMIC_NO_PIC = NO;
				GCC_NO_COMMON_BLOCKS = YES;
				GCC_OPTIMIZATION_LEVEL = 0;
				GCC_PREPROCESSOR_DEFINITIONS = (
					"DEBUG=1",
					"$(inherited)",
				);
				GCC_WARN_64_TO_32_BIT_CONVERSION = YES;
				GCC_WARN_ABOUT_RETURN_TYPE = YES_ERROR;
				GCC_WARN_UNDECLARED_SELECTOR = YES;
				GCC_WARN_UNINITIALIZED_AUTOS = YES_AGGRESSIVE;
				GCC_WARN_UNUSED_FUNCTION = YES;
				GCC_WARN_UNUSED_VARIABLE = YES;
				IPHONEOS_DEPLOYMENT_TARGET = 18.4;
				LOCALIZATION_PREFERS_STRING_CATALOGS = YES;
				MTL_ENABLE_DEBUG_INFO = INCLUDE_SOURCE;
				MTL_FAST_MATH = YES;
				ONLY_ACTIVE_ARCH = YES;
				SDKROOT = iphoneos;
				SWIFT_ACTIVE_COMPILATION_CONDITIONS = "DEBUG $(inherited)";
				SWIFT_OPTIMIZATION_LEVEL = "-Onone";
			};
			name = Debug;
		};
		A3609CC02DD0EE200005A261 /* Release */ = {
			isa = XCBuildConfiguration;
			buildSettings = {
				ALWAYS_SEARCH_USER_PATHS = NO;
				ASSETCATALOG_COMPILER_GENERATE_SWIFT_ASSET_SYMBOL_EXTENSIONS = YES;
				CLANG_ANALYZER_NONNULL = YES;
				CLANG_ANALYZER_NUMBER_OBJECT_CONVERSION = YES_AGGRESSIVE;
				CLANG_CXX_LANGUAGE_STANDARD = "gnu++20";
				CLANG_ENABLE_MODULES = YES;
				CLANG_ENABLE_OBJC_ARC = YES;
				CLANG_ENABLE_OBJC_WEAK = YES;
				CLANG_WARN_BLOCK_CAPTURE_AUTORELEASING = YES;
				CLANG_WARN_BOOL_CONVERSION = YES;
				CLANG_WARN_COMMA = YES;
				CLANG_WARN_CONSTANT_CONVERSION = YES;
				CLANG_WARN_DEPRECATED_OBJC_IMPLEMENTATIONS = YES;
				CLANG_WARN_DIRECT_OBJC_ISA_USAGE = YES_ERROR;
				CLANG_WARN_DOCUMENTATION_COMMENTS = YES;
				CLANG_WARN_EMPTY_BODY = YES;
				CLANG_WARN_ENUM_CONVERSION = YES;
				CLANG_WARN_INFINITE_RECURSION = YES;
				CLANG_WARN_INT_CONVERSION = YES;
				CLANG_WARN_NON_LITERAL_NULL_CONVERSION = YES;
				CLANG_WARN_OBJC_IMPLICIT_RETAIN_SELF = YES;
				CLANG_WARN_OBJC_LITERAL_CONVERSION = YES;
				CLANG_WARN_OBJC_ROOT_CLASS = YES_ERROR;
				CLANG_WARN_QUOTED_INCLUDE_IN_FRAMEWORK_HEADER = YES;
				CLANG_WARN_RANGE_LOOP_ANALYSIS = YES;
				CLANG_WARN_STRICT_PROTOTYPES = YES;
				CLANG_WARN_SUSPICIOUS_MOVE = YES;
				CLANG_WARN_UNGUARDED_AVAILABILITY = YES_AGGRESSIVE;
				CLANG_WARN_UNREACHABLE_CODE = YES;
				CLANG_WARN__DUPLICATE_METHOD_MATCH = YES;
				COPY_PHASE_STRIP = NO;
				DEBUG_INFORMATION_FORMAT = "dwarf-with-dsym";
				ENABLE_NS_ASSERTIONS = NO;
				ENABLE_STRICT_OBJC_MSGSEND = YES;
				ENABLE_USER_SCRIPT_SANDBOXING = YES;
				GCC_C_LANGUAGE_STANDARD = gnu17;
				GCC_NO_COMMON_BLOCKS = YES;
				GCC_WARN_64_TO_32_BIT_CONVERSION = YES;
				GCC_WARN_ABOUT_RETURN_TYPE = YES_ERROR;
				GCC_WARN_UNDECLARED_SELECTOR = YES;
				GCC_WARN_UNINITIALIZED_AUTOS = YES_AGGRESSIVE;
				GCC_WARN_UNUSED_FUNCTION = YES;
				GCC_WARN_UNUSED_VARIABLE = YES;
				IPHONEOS_DEPLOYMENT_TARGET = 18.4;
				LOCALIZATION_PREFERS_STRING_CATALOGS = YES;
				MTL_ENABLE_DEBUG_INFO = NO;
				MTL_FAST_MATH = YES;
				SDKROOT = iphoneos;
				SWIFT_COMPILATION_MODE = wholemodule;
				VALIDATE_PRODUCT = YES;
			};
			name = Release;
		};
		A3609CC22DD0EE200005A261 /* Debug */ = {
			isa = XCBuildConfiguration;
			buildSettings = {
				ASSETCATALOG_COMPILER_APPICON_NAME = AppIcon;
				ASSETCATALOG_COMPILER_GLOBAL_ACCENT_COLOR_NAME = AccentColor;
				CODE_SIGN_STYLE = Automatic;
				CURRENT_PROJECT_VERSION = 1;
				ENABLE_PREVIEWS = YES;
				GENERATE_INFOPLIST_FILE = YES;
				INFOPLIST_KEY_UIApplicationSceneManifest_Generation = YES;
				INFOPLIST_KEY_UIApplicationSupportsIndirectInputEvents = YES;
				INFOPLIST_KEY_UILaunchScreen_Generation = YES;
				INFOPLIST_KEY_UISupportedInterfaceOrientations_iPad = "UIInterfaceOrientationPortrait UIInterfaceOrientationPortraitUpsideDown UIInterfaceOrientationLandscapeLeft UIInterfaceOrientationLandscapeRight";
				INFOPLIST_KEY_UISupportedInterfaceOrientations_iPhone = "UIInterfaceOrientationPortrait UIInterfaceOrientationLandscapeLeft UIInterfaceOrientationLandscapeRight";
				LD_RUNPATH_SEARCH_PATHS = (
					"$(inherited)",
					"@executable_path/Frameworks",
				);
				MARKETING_VERSION = 1.0;
				PRODUCT_BUNDLE_IDENTIFIER = com.rxxr.PocketGarden;
				PRODUCT_NAME = "$(TARGET_NAME)";
				SWIFT_EMIT_LOC_STRINGS = YES;
				SWIFT_VERSION = 5.0;
				TARGETED_DEVICE_FAMILY = "1,2";
			};
			name = Debug;
		};
		A3609CC32DD0EE200005A261 /* Release */ = {
			isa = XCBuildConfiguration;
			buildSettings = {
				ASSETCATALOG_COMPILER_APPICON_NAME = AppIcon;
				ASSETCATALOG_COMPILER_GLOBAL_ACCENT_COLOR_NAME = AccentColor;
				CODE_SIGN_STYLE = Automatic;
				CURRENT_PROJECT_VERSION = 1;
				ENABLE_PREVIEWS = YES;
				GENERATE_INFOPLIST_FILE = YES;
				INFOPLIST_KEY_UIApplicationSceneManifest_Generation = YES;
				INFOPLIST_KEY_UIApplicationSupportsIndirectInputEvents = YES;
				INFOPLIST_KEY_UILaunchScreen_Generation = YES;
				INFOPLIST_KEY_UISupportedInterfaceOrientations_iPad = "UIInterfaceOrientationPortrait UIInterfaceOrientationPortraitUpsideDown UIInterfaceOrientationLandscapeLeft UIInterfaceOrientationLandscapeRight";
				INFOPLIST_KEY_UISupportedInterfaceOrientations_iPhone = "UIInterfaceOrientationPortrait UIInterfaceOrientationLandscapeLeft UIInterfaceOrientationLandscapeRight";
				LD_RUNPATH_SEARCH_PATHS = (
					"$(inherited)",
					"@executable_path/Frameworks",
				);
				MARKETING_VERSION = 1.0;
				PRODUCT_BUNDLE_IDENTIFIER = com.rxxr.PocketGarden;
				PRODUCT_NAME = "$(TARGET_NAME)";
				SWIFT_EMIT_LOC_STRINGS = YES;
				SWIFT_VERSION = 5.0;
				TARGETED_DEVICE_FAMILY = "1,2";
			};
			name = Release;
		};
		A3609CC52DD0EE200005A261 /* Debug */ = {
			isa = XCBuildConfiguration;
			buildSettings = {
				BUNDLE_LOADER = "$(TEST_HOST)";
				CODE_SIGN_STYLE = Automatic;
				CURRENT_PROJECT_VERSION = 1;
				GENERATE_INFOPLIST_FILE = YES;
				IPHONEOS_DEPLOYMENT_TARGET = 18.4;
				MARKETING_VERSION = 1.0;
				PRODUCT_BUNDLE_IDENTIFIER = com.rxxr.PocketGardenTests;
				PRODUCT_NAME = "$(TARGET_NAME)";
				SWIFT_EMIT_LOC_STRINGS = NO;
				SWIFT_VERSION = 5.0;
				TARGETED_DEVICE_FAMILY = "1,2";
				TEST_HOST = "$(BUILT_PRODUCTS_DIR)/PocketGarden.app/$(BUNDLE_EXECUTABLE_FOLDER_PATH)/PocketGarden";
			};
			name = Debug;
		};
		A3609CC62DD0EE200005A261 /* Release */ = {
			isa = XCBuildConfiguration;
			buildSettings = {
				BUNDLE_LOADER = "$(TEST_HOST)";
				CODE_SIGN_STYLE = Automatic;
				CURRENT_PROJECT_VERSION = 1;
				GENERATE_INFOPLIST_FILE = YES;
				IPHONEOS_DEPLOYMENT_TARGET = 18.4;
				MARKETING_VERSION = 1.0;
				PRODUCT_BUNDLE_IDENTIFIER = com.rxxr.PocketGardenTests;
				PRODUCT_NAME = "$(TARGET_NAME)";
				SWIFT_EMIT_LOC_STRINGS = NO;
				SWIFT_VERSION = 5.0;
				TARGETED_DEVICE_FAMILY = "1,2";
				TEST_HOST = "$(BUILT_PRODUCTS_DIR)/PocketGarden.app/$(BUNDLE_EXECUTABLE_FOLDER_PATH)/PocketGarden";
			};
			name = Release;
		};
		A3609CC82DD0EE200005A261 /* Debug */ = {
			isa = XCBuildConfiguration;
			buildSettings = {
				CODE_SIGN_STYLE = Automatic;
				CURRENT_PROJECT_VERSION = 1;
				GENERATE_INFOPLIST_FILE = YES;
				MARKETING_VERSION = 1.0;
				PRODUCT_BUNDLE_IDENTIFIER = com.rxxr.PocketGardenUITests;
				PRODUCT_NAME = "$(TARGET_NAME)";
				SWIFT_EMIT_LOC_STRINGS = NO;
				SWIFT_VERSION = 5.0;
				TARGETED_DEVICE_FAMILY = "1,2";
				TEST_TARGET_NAME = PocketGarden;
			};
			name = Debug;
		};
		A3609CC92DD0EE200005A261 /* Release */ = {
			isa = XCBuildConfiguration;
			buildSettings = {
				CODE_SIGN_STYLE = Automatic;
				CURRENT_PROJECT_VERSION = 1;
				GENERATE_INFOPLIST_FILE = YES;
				MARKETING_VERSION = 1.0;
				PRODUCT_BUNDLE_IDENTIFIER = com.rxxr.PocketGardenUITests;
				PRODUCT_NAME = "$(TARGET_NAME)";
				SWIFT_EMIT_LOC_STRINGS = NO;
				SWIFT_VERSION = 5.0;
				TARGETED_DEVICE_FAMILY = "1,2";
				TEST_TARGET_NAME = PocketGarden;
			};
			name = Release;
		};
/* End XCBuildConfiguration section */

/* Begin XCConfigurationList section */
		A3609C9B2DD0EE1D0005A261 /* Build configuration list for PBXProject "PocketGarden" */ = {
			isa = XCConfigurationList;
			buildConfigurations = (
				A3609CBF2DD0EE200005A261 /* Debug */,
				A3609CC02DD0EE200005A261 /* Release */,
			);
			defaultConfigurationIsVisible = 0;
			defaultConfigurationName = Release;
		};
		A3609CC12DD0EE200005A261 /* Build configuration list for PBXNativeTarget "PocketGarden" */ = {
			isa = XCConfigurationList;
			buildConfigurations = (
				A3609CC22DD0EE200005A261 /* Debug */,
				A3609CC32DD0EE200005A261 /* Release */,
			);
			defaultConfigurationIsVisible = 0;
			defaultConfigurationName = Release;
		};
		A3609CC42DD0EE200005A261 /* Build configuration list for PBXNativeTarget "PocketGardenTests" */ = {
			isa = XCConfigurationList;
			buildConfigurations = (
				A3609CC52DD0EE200005A261 /* Debug */,
				A3609CC62DD0EE200005A261 /* Release */,
			);
			defaultConfigurationIsVisible = 0;
			defaultConfigurationName = Release;
		};
		A3609CC72DD0EE200005A261 /* Build configuration list for PBXNativeTarget "PocketGardenUITests" */ = {
			isa = XCConfigurationList;
			buildConfigurations = (
				A3609CC82DD0EE200005A261 /* Debug */,
				A3609CC92DD0EE200005A261 /* Release */,
			);
			defaultConfigurationIsVisible = 0;
			defaultConfigurationName = Release;
		};
/* End XCConfigurationList section */
	};
	rootObject = A3609C982DD0EE1D0005A261 /* Project object */;
}
